<?xml version="1.0" encoding="utf-8"?>
<Project ToolsVersion="4.0" xmlns="http://schemas.microsoft.com/developer/msbuild/2003">
  <ItemGroup>
    <Filter Include="Source Files">
      <UniqueIdentifier>{4FC737F1-C7A5-4376-A066-2A32D752A2FF}</UniqueIdentifier>
      <Extensions>cpp;c;cc;cxx;c++;cppm;ixx;def;odl;idl;hpj;bat;asm;asmx</Extensions>
    </Filter>
    <Filter Include="Header Files">
      <UniqueIdentifier>{93995380-89BD-4b04-88EB-625FBE52EBFB}</UniqueIdentifier>
      <Extensions>h;hh;hpp;hxx;h++;hm;inl;inc;ipp;xsd</Extensions>
    </Filter>
    <Filter Include="Resource Files">
      <UniqueIdentifier>{67DA6AB6-F800-4c08-8B7A-83BB121AAD01}</UniqueIdentifier>
      <Extensions>rc;ico;cur;bmp;dlg;rc2;rct;bin;rgs;gif;jpg;jpeg;jpe;resx;tiff;tif;png;wav;mfcribbon-ms</Extensions>
    </Filter>
  </ItemGroup>
  <ItemGroup>
    <ClCompile Include="source\main.cpp">
      <Filter>Source Files</Filter>
    </ClCompile>
    <ClCompile Include="glad.c">
      <Filter>Source Files</Filter>
    </ClCompile>
    <ClCompile Include="source\application\application.cpp">
      <Filter>Source Files</Filter>
    </ClCompile>
    <ClCompile Include="source\context\context.cpp">
      <Filter>Source Files</Filter>
    </ClCompile>
    <ClCompile Include="source\shaderHandler\shaderHandler.cpp">
      <Filter>Source Files</Filter>
    </ClCompile>
    <ClCompile Include="source\textureHandler\textureHandler.cpp">
      <Filter>Source Files</Filter>
    </ClCompile>
    <ClCompile Include="source\resourceHandler\resourceHandler.cpp">
      <Filter>Source Files</Filter>
    </ClCompile>
    <ClCompile Include="source\gameMechanic\gameMechanic.cpp">
      <Filter>Source Files</Filter>
    </ClCompile>
    <ClCompile Include="source\spriteRenderer\spriteRenderer.cpp">
      <Filter>Source Files</Filter>
    </ClCompile>
    <ClCompile Include="source\stb_image.cpp">
      <Filter>Source Files</Filter>
    </ClCompile>
    <ClCompile Include="source\gameObject\gameObject.cpp">
      <Filter>Source Files</Filter>
    </ClCompile>
    <ClCompile Include="source\gameLevel\gameLevel.cpp">
      <Filter>Source Files</Filter>
    </ClCompile>
    <ClCompile Include="source\gameObject\ballObject\ballObject.cpp">
      <Filter>Source Files</Filter>
    </ClCompile>
    <ClCompile Include="source\particleGenerator\particleGenerator.cpp">
      <Filter>Source Files</Filter>
    </ClCompile>
  </ItemGroup>
  <ItemGroup>
    <ClInclude Include="source\application\application.h">
      <Filter>Header Files</Filter>
    </ClInclude>
    <ClInclude Include="source\context\context.h">
      <Filter>Header Files</Filter>
    </ClInclude>
    <ClInclude Include="source\shaderHandler\shaderHandler.h">
      <Filter>Header Files</Filter>
    </ClInclude>
    <ClInclude Include="source\textureHandler\textureHandler.h">
      <Filter>Header Files</Filter>
    </ClInclude>
    <ClInclude Include="source\resourceHandler\resourceHandler.h">
      <Filter>Header Files</Filter>
    </ClInclude>
    <ClInclude Include="source\gameMechanic\gameMechanic.h">
      <Filter>Header Files</Filter>
    </ClInclude>
    <ClInclude Include="source\spriteRenderer\spriteRenderer.h">
      <Filter>Header Files</Filter>
    </ClInclude>
    <ClInclude Include="source\gameObject\gameObject.h">
      <Filter>Header Files</Filter>
    </ClInclude>
    <ClInclude Include="source\gameLevel\gameLevel.h">
      <Filter>Header Files</Filter>
    </ClInclude>
    <ClInclude Include="source\gameObject\ballObject\ballObject.h">
      <Filter>Header Files</Filter>
    </ClInclude>
    <ClInclude Include="source\particleGenerator\particleGenerator.h">
      <Filter>Header Files</Filter>
    </ClInclude>
  </ItemGroup>
  <ItemGroup>
    <None Include="shaders\sprite.vs" />
    <None Include="shaders\sprite.fs" />
    <None Include="assets\levels\standard.level" />
    <None Include="assets\levels\standard2.level" />
    <None Include="assets\levels\spaceInvader.level" />
    <None Include="assets\levels\bounce.level" />
    <None Include="assets\levels\test.level" />
    <None Include="shaders\particle.vs" />
    <None Include="shaders\particle.fs" />
  </ItemGroup>
</Project>